
Microsoft Visual Studio Solution File, Format Version 12.00
# Visual Studio Version 17
VisualStudioVersion = 17.13.35806.99 d17.13
MinimumVisualStudioVersion = 10.0.40219.1
Project("{FAE04EC0-301F-11D3-BF4B-00C04F79EFBC}") = "FS0924_S18-L3", "FS0924_S18-L3\FS0924_S18-L3.csproj", "{23A0EA01-3806-41A0-AF6A-FB27996AE882}"
EndProject
Global
	GlobalSection(SolutionConfigurationPlatforms) = preSolution
		Debug|Any CPU = Debug|Any CPU
		Release|Any CPU = Release|Any CPU
	EndGlobalSection
	GlobalSection(ProjectConfigurationPlatforms) = postSolution
		{23A0EA01-3806-41A0-AF6A-FB27996AE882}.Debug|Any CPU.ActiveCfg = Debug|Any CPU
		{23A0EA01-3806-41A0-AF6A-FB27996AE882}.Debug|Any CPU.Build.0 = Debug|Any CPU
		{23A0EA01-3806-41A0-AF6A-FB27996AE882}.Release|Any CPU.ActiveCfg = Release|Any CPU
		{23A0EA01-3806-41A0-AF6A-FB27996AE882}.Release|Any CPU.Build.0 = Release|Any CPU
	EndGlobalSection
	GlobalSection(SolutionProperties) = preSolution
		HideSolutionNode = FALSE
	EndGlobalSection
	GlobalSection(ExtensibilityGlobals) = postSolution
		SolutionGuid = {F5D773ED-EE56-436D-8F4B-0CC9CB43ED43}
	EndGlobalSection
EndGlobal
